# This file is automatically @generated by Cargo.
# It is not intended for manual editing.
version = 4

[[package]]
name = "tagma-core"
version = "0.1.0"

[[package]]
name = "tagma-linkcheck"
version = "0.1.0"
dependencies = [
 "tagma-matrix",
]

[[package]]
name = "tagma-matrix"
version = "0.1.0"
dependencies = [
 "tagma-core",
]
